
Microsoft Visual Studio Solution File, Format Version 12.00
# Visual Studio Version 17
VisualStudioVersion = 17.11.35312.102
MinimumVisualStudioVersion = 10.0.40219.1
Project("{FAE04EC0-301F-11D3-BF4B-00C04F79EFBC}") = "Colorable Cozy Lights", "Colorable Cozy Lights\Colorable Cozy Lights.csproj", "{7475ACE5-E29B-412A-B9D7-A019B03DDA01}"
EndProject
Global
	GlobalSection(SolutionConfigurationPlatforms) = preSolution
		Debug|Any CPU = Debug|Any CPU
		Release|Any CPU = Release|Any CPU
	EndGlobalSection
	GlobalSection(ProjectConfigurationPlatforms) = postSolution
		{7475ACE5-E29B-412A-B9D7-A019B03DDA01}.Debug|Any CPU.ActiveCfg = Debug|Any CPU
		{7475ACE5-E29B-412A-B9D7-A019B03DDA01}.Debug|Any CPU.Build.0 = Debug|Any CPU
		{7475ACE5-E29B-412A-B9D7-A019B03DDA01}.Release|Any CPU.ActiveCfg = Release|Any CPU
		{7475ACE5-E29B-412A-B9D7-A019B03DDA01}.Release|Any CPU.Build.0 = Release|Any CPU
	EndGlobalSection
	GlobalSection(SolutionProperties) = preSolution
		HideSolutionNode = FALSE
	EndGlobalSection
	GlobalSection(ExtensibilityGlobals) = postSolution
		SolutionGuid = {15969B39-70BF-40A9-9C2F-002395031DCC}
	EndGlobalSection
EndGlobal
